// !$*UTF8*$!
{
	archiveVersion = 1;
	classes = {
	};
	objectVersion = 50;
	objects = {

/* Begin PBXBuildFile section */
		7BB4352F24CCBB4C0014845E /* UserDB.swift in Sources */ = {isa = PBXBuildFile; fileRef = 7BB4352E24CCBB4C0014845E /* UserDB.swift */; };
		7BB4353124CD23890014845E /* ThirdViewController.swift in Sources */ = {isa = PBXBuildFile; fileRef = 7BB4353024CD23890014845E /* ThirdViewController.swift */; };
		7BB4353324CD2A820014845E /* LoginViewController.swift in Sources */ = {isa = PBXBuildFile; fileRef = 7BB4353224CD2A820014845E /* LoginViewController.swift */; };
		7BB4353524CE06E80014845E /* UserListTableViewController.swift in Sources */ = {isa = PBXBuildFile; fileRef = 7BB4353424CE06E80014845E /* UserListTableViewController.swift */; };
		7BBE873C24CB80A800E89EFA /* AppDelegate.swift in Sources */ = {isa = PBXBuildFile; fileRef = 7BBE873B24CB80A800E89EFA /* AppDelegate.swift */; };
		7BBE873E24CB80A800E89EFA /* SceneDelegate.swift in Sources */ = {isa = PBXBuildFile; fileRef = 7BBE873D24CB80A800E89EFA /* SceneDelegate.swift */; };
		7BBE874024CB80A800E89EFA /* FirstViewController.swift in Sources */ = {isa = PBXBuildFile; fileRef = 7BBE873F24CB80A800E89EFA /* FirstViewController.swift */; };
		7BBE874224CB80A800E89EFA /* SecondViewController.swift in Sources */ = {isa = PBXBuildFile; fileRef = 7BBE874124CB80A800E89EFA /* SecondViewController.swift */; };
		7BBE874524CB80A800E89EFA /* Main.storyboard in Resources */ = {isa = PBXBuildFile; fileRef = 7BBE874324CB80A800E89EFA /* Main.storyboard */; };
		7BBE874724CB80A900E89EFA /* Assets.xcassets in Resources */ = {isa = PBXBuildFile; fileRef = 7BBE874624CB80A900E89EFA /* Assets.xcassets */; };
		7BBE874A24CB80A900E89EFA /* LaunchScreen.storyboard in Resources */ = {isa = PBXBuildFile; fileRef = 7BBE874824CB80A900E89EFA /* LaunchScreen.storyboard */; };
		7BBE875224CBB68300E89EFA /* SpeedTest.txt in Resources */ = {isa = PBXBuildFile; fileRef = 7BBE875124CBB68300E89EFA /* SpeedTest.txt */; };
		7BBE875424CC9F2500E89EFA /* User.swift in Sources */ = {isa = PBXBuildFile; fileRef = 7BBE875324CC9F2500E89EFA /* User.swift */; };
/* End PBXBuildFile section */

/* Begin PBXFileReference section */
		7BB4352E24CCBB4C0014845E /* UserDB.swift */ = {isa = PBXFileReference; lastKnownFileType = sourcecode.swift; path = UserDB.swift; sourceTree = "<group>"; };
		7BB4353024CD23890014845E /* ThirdViewController.swift */ = {isa = PBXFileReference; lastKnownFileType = sourcecode.swift; path = ThirdViewController.swift; sourceTree = "<group>"; };
		7BB4353224CD2A820014845E /* LoginViewController.swift */ = {isa = PBXFileReference; lastKnownFileType = sourcecode.swift; path = LoginViewController.swift; sourceTree = "<group>"; };
		7BB4353424CE06E80014845E /* UserListTableViewController.swift */ = {isa = PBXFileReference; lastKnownFileType = sourcecode.swift; path = UserListTableViewController.swift; sourceTree = "<group>"; };
		7BBE873824CB80A800E89EFA /* Assignment4_Mario_Mendoza.app */ = {isa = PBXFileReference; explicitFileType = wrapper.application; includeInIndex = 0; path = Assignment4_Mario_Mendoza.app; sourceTree = BUILT_PRODUCTS_DIR; };
		7BBE873B24CB80A800E89EFA /* AppDelegate.swift */ = {isa = PBXFileReference; lastKnownFileType = sourcecode.swift; path = AppDelegate.swift; sourceTree = "<group>"; };
		7BBE873D24CB80A800E89EFA /* SceneDelegate.swift */ = {isa = PBXFileReference; lastKnownFileType = sourcecode.swift; path = SceneDelegate.swift; sourceTree = "<group>"; };
		7BBE873F24CB80A800E89EFA /* FirstViewController.swift */ = {isa = PBXFileReference; lastKnownFileType = sourcecode.swift; path = FirstViewController.swift; sourceTree = "<group>"; };
		7BBE874124CB80A800E89EFA /* SecondViewController.swift */ = {isa = PBXFileReference; lastKnownFileType = sourcecode.swift; path = SecondViewController.swift; sourceTree = "<group>"; };
		7BBE874424CB80A800E89EFA /* Base */ = {isa = PBXFileReference; lastKnownFileType = file.storyboard; name = Base; path = Base.lproj/Main.storyboard; sourceTree = "<group>"; };
		7BBE874624CB80A900E89EFA /* Assets.xcassets */ = {isa = PBXFileReference; lastKnownFileType = folder.assetcatalog; path = Assets.xcassets; sourceTree = "<group>"; };
		7BBE874924CB80A900E89EFA /* Base */ = {isa = PBXFileReference; lastKnownFileType = file.storyboard; name = Base; path = Base.lproj/LaunchScreen.storyboard; sourceTree = "<group>"; };
		7BBE874B24CB80A900E89EFA /* Info.plist */ = {isa = PBXFileReference; lastKnownFileType = text.plist.xml; path = Info.plist; sourceTree = "<group>"; };
		7BBE875124CBB68300E89EFA /* SpeedTest.txt */ = {isa = PBXFileReference; fileEncoding = 4; lastKnownFileType = text; path = SpeedTest.txt; sourceTree = "<group>"; };
		7BBE875324CC9F2500E89EFA /* User.swift */ = {isa = PBXFileReference; lastKnownFileType = sourcecode.swift; path = User.swift; sourceTree = "<group>"; };
/* End PBXFileReference section */

/* Begin PBXFrameworksBuildPhase section */
		7BBE873524CB80A800E89EFA /* Frameworks */ = {
			isa = PBXFrameworksBuildPhase;
			buildActionMask = 2147483647;
			files = (
			);
			runOnlyForDeploymentPostprocessing = 0;
		};
/* End PBXFrameworksBuildPhase section */

/* Begin PBXGroup section */
		7BBE872F24CB80A800E89EFA = {
			isa = PBXGroup;
			children = (
				7BBE873A24CB80A800E89EFA /* Assignment4_Mario_Mendoza */,
				7BBE873924CB80A800E89EFA /* Products */,
			);
			sourceTree = "<group>";
		};
		7BBE873924CB80A800E89EFA /* Products */ = {
			isa = PBXGroup;
			children = (
				7BBE873824CB80A800E89EFA /* Assignment4_Mario_Mendoza.app */,
			);
			name = Products;
			sourceTree = "<group>";
		};
		7BBE873A24CB80A800E89EFA /* Assignment4_Mario_Mendoza */ = {
			isa = PBXGroup;
			children = (
				7BBE875124CBB68300E89EFA /* SpeedTest.txt */,
				7BBE873B24CB80A800E89EFA /* AppDelegate.swift */,
				7BBE873D24CB80A800E89EFA /* SceneDelegate.swift */,
				7BBE873F24CB80A800E89EFA /* FirstViewController.swift */,
				7BBE874124CB80A800E89EFA /* SecondViewController.swift */,
				7BBE874324CB80A800E89EFA /* Main.storyboard */,
				7BBE874624CB80A900E89EFA /* Assets.xcassets */,
				7BBE874824CB80A900E89EFA /* LaunchScreen.storyboard */,
				7BBE874B24CB80A900E89EFA /* Info.plist */,
				7BBE875324CC9F2500E89EFA /* User.swift */,
				7BB4352E24CCBB4C0014845E /* UserDB.swift */,
				7BB4353024CD23890014845E /* ThirdViewController.swift */,
				7BB4353224CD2A820014845E /* LoginViewController.swift */,
				7BB4353424CE06E80014845E /* UserListTableViewController.swift */,
			);
			path = Assignment4_Mario_Mendoza;
			sourceTree = "<group>";
		};
/* End PBXGroup section */

/* Begin PBXNativeTarget section */
		7BBE873724CB80A800E89EFA /* Assignment4_Mario_Mendoza */ = {
			isa = PBXNativeTarget;
			buildConfigurationList = 7BBE874E24CB80A900E89EFA /* Build configuration list for PBXNativeTarget "Assignment4_Mario_Mendoza" */;
			buildPhases = (
				7BBE873424CB80A800E89EFA /* Sources */,
				7BBE873524CB80A800E89EFA /* Frameworks */,
				7BBE873624CB80A800E89EFA /* Resources */,
			);
			buildRules = (
			);
			dependencies = (
			);
			name = Assignment4_Mario_Mendoza;
			productName = Assignment4_Mario_Mendoza;
			productReference = 7BBE873824CB80A800E89EFA /* Assignment4_Mario_Mendoza.app */;
			productType = "com.apple.product-type.application";
		};
/* End PBXNativeTarget section */

/* Begin PBXProject section */
		7BBE873024CB80A800E89EFA /* Project object */ = {
			isa = PBXProject;
			attributes = {
				LastSwiftUpdateCheck = 1160;
				LastUpgradeCheck = 1160;
				ORGANIZATIONNAME = "mario mendoza";
				TargetAttributes = {
					7BBE873724CB80A800E89EFA = {
						CreatedOnToolsVersion = 11.6;
					};
				};
			};
			buildConfigurationList = 7BBE873324CB80A800E89EFA /* Build configuration list for PBXProject "Assignment4_Mario_Mendoza" */;
			compatibilityVersion = "Xcode 9.3";
			developmentRegion = en;
			hasScannedForEncodings = 0;
			knownRegions = (
				en,
				Base,
			);
			mainGroup = 7BBE872F24CB80A800E89EFA;
			productRefGroup = 7BBE873924CB80A800E89EFA /* Products */;
			projectDirPath = "";
			projectRoot = "";
			targets = (
				7BBE873724CB80A800E89EFA /* Assignment4_Mario_Mendoza */,
			);
		};
/* End PBXProject section */

/* Begin PBXResourcesBuildPhase section */
		7BBE873624CB80A800E89EFA /* Resources */ = {
			isa = PBXResourcesBuildPhase;
			buildActionMask = 2147483647;
			files = (
				7BBE875224CBB68300E89EFA /* SpeedTest.txt in Resources */,
				7BBE874A24CB80A900E89EFA /* LaunchScreen.storyboard in Resources */,
				7BBE874724CB80A900E89EFA /* Assets.xcassets in Resources */,
				7BBE874524CB80A800E89EFA /* Main.storyboard in Resources */,
			);
			runOnlyForDeploymentPostprocessing = 0;
		};
/* End PBXResourcesBuildPhase section */

/* Begin PBXSourcesBuildPhase section */
		7BBE873424CB80A800E89EFA /* Sources */ = {
			isa = PBXSourcesBuildPhase;
			buildActionMask = 2147483647;
			files = (
				7BB4352F24CCBB4C0014845E /* UserDB.swift in Sources */,
				7BBE874224CB80A800E89EFA /* SecondViewController.swift in Sources */,
				7BBE874024CB80A800E89EFA /* FirstViewController.swift in Sources */,
				7BB4353124CD23890014845E /* ThirdViewController.swift in Sources */,
				7BB4353324CD2A820014845E /* LoginViewController.swift in Sources */,
				7BBE873C24CB80A800E89EFA /* AppDelegate.swift in Sources */,
				7BB4353524CE06E80014845E /* UserListTableViewController.swift in Sources */,
				7BBE875424CC9F2500E89EFA /* User.swift in Sources */,
				7BBE873E24CB80A800E89EFA /* SceneDelegate.swift in Sources */,
			);
			runOnlyForDeploymentPostprocessing = 0;
		};
/* End PBXSourcesBuildPhase section */

/* Begin PBXVariantGroup section */
		7BBE874324CB80A800E89EFA /* Main.storyboard */ = {
			isa = PBXVariantGroup;
			children = (
				7BBE874424CB80A800E89EFA /* Base */,
			);
			name = Main.storyboard;
			sourceTree = "<group>";
		};
		7BBE874824CB80A900E89EFA /* LaunchScreen.storyboard */ = {
			isa = PBXVariantGroup;
			children = (
				7BBE874924CB80A900E89EFA /* Base */,
			);
			name = LaunchScreen.storyboard;
			sourceTree = "<group>";
		};
/* End PBXVariantGroup section */

/* Begin XCBuildConfiguration section */
		7BBE874C24CB80A900E89EFA /* Debug */ = {
			isa = XCBuildConfiguration;
			buildSettings = {
				ALWAYS_SEARCH_USER_PATHS = NO;
				CLANG_ANALYZER_NONNULL = YES;
				CLANG_ANALYZER_NUMBER_OBJECT_CONVERSION = YES_AGGRESSIVE;
				CLANG_CXX_LANGUAGE_STANDARD = "gnu++14";
				CLANG_CXX_LIBRARY = "libc++";
				CLANG_ENABLE_MODULES = YES;
				CLANG_ENABLE_OBJC_ARC = YES;
				CLANG_ENABLE_OBJC_WEAK = YES;
				CLANG_WARN_BLOCK_CAPTURE_AUTORELEASING = YES;
				CLANG_WARN_BOOL_CONVERSION = YES;
				CLANG_WARN_COMMA = YES;
				CLANG_WARN_CONSTANT_CONVERSION = YES;
				CLANG_WARN_DEPRECATED_OBJC_IMPLEMENTATIONS = YES;
				CLANG_WARN_DIRECT_OBJC_ISA_USAGE = YES_ERROR;
				CLANG_WARN_DOCUMENTATION_COMMENTS = YES;
				CLANG_WARN_EMPTY_BODY = YES;
				CLANG_WARN_ENUM_CONVERSION = YES;
				CLANG_WARN_INFINITE_RECURSION = YES;
				CLANG_WARN_INT_CONVERSION = YES;
				CLANG_WARN_NON_LITERAL_NULL_CONVERSION = YES;
				CLANG_WARN_OBJC_IMPLICIT_RETAIN_SELF = YES;
				CLANG_WARN_OBJC_LITERAL_CONVERSION = YES;
				CLANG_WARN_OBJC_ROOT_CLASS = YES_ERROR;
				CLANG_WARN_RANGE_LOOP_ANALYSIS = YES;
				CLANG_WARN_STRICT_PROTOTYPES = YES;
				CLANG_WARN_SUSPICIOUS_MOVE = YES;
				CLANG_WARN_UNGUARDED_AVAILABILITY = YES_AGGRESSIVE;
				CLANG_WARN_UNREACHABLE_CODE = YES;
				CLANG_WARN__DUPLICATE_METHOD_MATCH = YES;
				COPY_PHASE_STRIP = NO;
				DEBUG_INFORMATION_FORMAT = dwarf;
				ENABLE_STRICT_OBJC_MSGSEND = YES;
				ENABLE_TESTABILITY = YES;
				GCC_C_LANGUAGE_STANDARD = gnu11;
				GCC_DYNAMIC_NO_PIC = NO;
				GCC_NO_COMMON_BLOCKS = YES;
				GCC_OPTIMIZATION_LEVEL = 0;
				GCC_PREPROCESSOR_DEFINITIONS = (
					"DEBUG=1",
					"$(inherited)",
				);
				GCC_WARN_64_TO_32_BIT_CONVERSION = YES;
				GCC_WARN_ABOUT_RETURN_TYPE = YES_ERROR;
				GCC_WARN_UNDECLARED_SELECTOR = YES;
				GCC_WARN_UNINITIALIZED_AUTOS = YES_AGGRESSIVE;
				GCC_WARN_UNUSED_FUNCTION = YES;
				GCC_WARN_UNUSED_VARIABLE = YES;
				IPHONEOS_DEPLOYMENT_TARGET = 13.6;
				MTL_ENABLE_DEBUG_INFO = INCLUDE_SOURCE;
				MTL_FAST_MATH = YES;
				ONLY_ACTIVE_ARCH = YES;
				SDKROOT = iphoneos;
				SWIFT_ACTIVE_COMPILATION_CONDITIONS = DEBUG;
				SWIFT_OPTIMIZATION_LEVEL = "-Onone";
			};
			name = Debug;
		};
		7BBE874D24CB80A900E89EFA /* Release */ = {
			isa = XCBuildConfiguration;
			buildSettings = {
				ALWAYS_SEARCH_USER_PATHS = NO;
				CLANG_ANALYZER_NONNULL = YES;
				CLANG_ANALYZER_NUMBER_OBJECT_CONVERSION = YES_AGGRESSIVE;
				CLANG_CXX_LANGUAGE_STANDARD = "gnu++14";
				CLANG_CXX_LIBRARY = "libc++";
				CLANG_ENABLE_MODULES = YES;
				CLANG_ENABLE_OBJC_ARC = YES;
				CLANG_ENABLE_OBJC_WEAK = YES;
				CLANG_WARN_BLOCK_CAPTURE_AUTORELEASING = YES;
				CLANG_WARN_BOOL_CONVERSION = YES;
				CLANG_WARN_COMMA = YES;
				CLANG_WARN_CONSTANT_CONVERSION = YES;
				CLANG_WARN_DEPRECATED_OBJC_IMPLEMENTATIONS = YES;
				CLANG_WARN_DIRECT_OBJC_ISA_USAGE = YES_ERROR;
				CLANG_WARN_DOCUMENTATION_COMMENTS = YES;
				CLANG_WARN_EMPTY_BODY = YES;
				CLANG_WARN_ENUM_CONVERSION = YES;
				CLANG_WARN_INFINITE_RECURSION = YES;
				CLANG_WARN_INT_CONVERSION = YES;
				CLANG_WARN_NON_LITERAL_NULL_CONVERSION = YES;
				CLANG_WARN_OBJC_IMPLICIT_RETAIN_SELF = YES;
				CLANG_WARN_OBJC_LITERAL_CONVERSION = YES;
				CLANG_WARN_OBJC_ROOT_CLASS = YES_ERROR;
				CLANG_WARN_RANGE_LOOP_ANALYSIS = YES;
				CLANG_WARN_STRICT_PROTOTYPES = YES;
				CLANG_WARN_SUSPICIOUS_MOVE = YES;
				CLANG_WARN_UNGUARDED_AVAILABILITY = YES_AGGRESSIVE;
				CLANG_WARN_UNREACHABLE_CODE = YES;
				CLANG_WARN__DUPLICATE_METHOD_MATCH = YES;
				COPY_PHASE_STRIP = NO;
				DEBUG_INFORMATION_FORMAT = "dwarf-with-dsym";
				ENABLE_NS_ASSERTIONS = NO;
				ENABLE_STRICT_OBJC_MSGSEND = YES;
				GCC_C_LANGUAGE_STANDARD = gnu11;
				GCC_NO_COMMON_BLOCKS = YES;
				GCC_WARN_64_TO_32_BIT_CONVERSION = YES;
				GCC_WARN_ABOUT_RETURN_TYPE = YES_ERROR;
				GCC_WARN_UNDECLARED_SELECTOR = YES;
				GCC_WARN_UNINITIALIZED_AUTOS = YES_AGGRESSIVE;
				GCC_WARN_UNUSED_FUNCTION = YES;
				GCC_WARN_UNUSED_VARIABLE = YES;
				IPHONEOS_DEPLOYMENT_TARGET = 13.6;
				MTL_ENABLE_DEBUG_INFO = NO;
				MTL_FAST_MATH = YES;
				SDKROOT = iphoneos;
				SWIFT_COMPILATION_MODE = wholemodule;
				SWIFT_OPTIMIZATION_LEVEL = "-O";
				VALIDATE_PRODUCT = YES;
			};
			name = Release;
		};
		7BBE874F24CB80A900E89EFA /* Debug */ = {
			isa = XCBuildConfiguration;
			buildSettings = {
				ASSETCATALOG_COMPILER_APPICON_NAME = AppIcon;
				CODE_SIGN_STYLE = Automatic;
				DEVELOPMENT_TEAM = 59HR35762T;
				INFOPLIST_FILE = Assignment4_Mario_Mendoza/Info.plist;
				LD_RUNPATH_SEARCH_PATHS = (
					"$(inherited)",
					"@executable_path/Frameworks",
				);
				PRODUCT_BUNDLE_IDENTIFIER = "com.mendoza.Assignment4-Mario-Mendoza";
				PRODUCT_NAME = "$(TARGET_NAME)";
				SWIFT_VERSION = 5.0;
				TARGETED_DEVICE_FAMILY = "1,2";
			};
			name = Debug;
		};
		7BBE875024CB80A900E89EFA /* Release */ = {
			isa = XCBuildConfiguration;
			buildSettings = {
				ASSETCATALOG_COMPILER_APPICON_NAME = AppIcon;
				CODE_SIGN_STYLE = Automatic;
				DEVELOPMENT_TEAM = 59HR35762T;
				INFOPLIST_FILE = Assignment4_Mario_Mendoza/Info.plist;
				LD_RUNPATH_SEARCH_PATHS = (
					"$(inherited)",
					"@executable_path/Frameworks",
				);
				PRODUCT_BUNDLE_IDENTIFIER = "com.mendoza.Assignment4-Mario-Mendoza";
				PRODUCT_NAME = "$(TARGET_NAME)";
				SWIFT_VERSION = 5.0;
				TARGETED_DEVICE_FAMILY = "1,2";
			};
			name = Release;
		};
/* End XCBuildConfiguration section */

/* Begin XCConfigurationList section */
		7BBE873324CB80A800E89EFA /* Build configuration list for PBXProject "Assignment4_Mario_Mendoza" */ = {
			isa = XCConfigurationList;
			buildConfigurations = (
				7BBE874C24CB80A900E89EFA /* Debug */,
				7BBE874D24CB80A900E89EFA /* Release */,
			);
			defaultConfigurationIsVisible = 0;
			defaultConfigurationName = Release;
		};
		7BBE874E24CB80A900E89EFA /* Build configuration list for PBXNativeTarget "Assignment4_Mario_Mendoza" */ = {
			isa = XCConfigurationList;
			buildConfigurations = (
				7BBE874F24CB80A900E89EFA /* Debug */,
				7BBE875024CB80A900E89EFA /* Release */,
			);
			defaultConfigurationIsVisible = 0;
			defaultConfigurationName = Release;
		};
/* End XCConfigurationList section */
	};
	rootObject = 7BBE873024CB80A800E89EFA /* Project object */;
}
